// !$*UTF8*$!
{
	archiveVersion = 1;
	classes = {
	};
	objectVersion = 46;
	objects = {

/* Begin PBXBuildFile section */
		646A2E501C8C39C1001A593B /* AppDelegate.swift in Sources */ = {isa = PBXBuildFile; fileRef = 646A2E4F1C8C39C1001A593B /* AppDelegate.swift */; };
		646A2E521C8C39C1001A593B /* ViewController.swift in Sources */ = {isa = PBXBuildFile; fileRef = 646A2E511C8C39C1001A593B /* ViewController.swift */; };
		646A2E551C8C39C1001A593B /* Main.storyboard in Resources */ = {isa = PBXBuildFile; fileRef = 646A2E531C8C39C1001A593B /* Main.storyboard */; };
		646A2E571C8C39C1001A593B /* Assets.xcassets in Resources */ = {isa = PBXBuildFile; fileRef = 646A2E561C8C39C1001A593B /* Assets.xcassets */; };
		646A2E5A1C8C39C1001A593B /* LaunchScreen.storyboard in Resources */ = {isa = PBXBuildFile; fileRef = 646A2E581C8C39C1001A593B /* LaunchScreen.storyboard */; };
/* End PBXBuildFile section */

/* Begin PBXFileReference section */
		646A2E4C1C8C39C1001A593B /* Pizza.app */ = {isa = PBXFileReference; explicitFileType = wrapper.application; includeInIndex = 0; path = Pizza.app; sourceTree = BUILT_PRODUCTS_DIR; };
		646A2E4F1C8C39C1001A593B /* AppDelegate.swift */ = {isa = PBXFileReference; lastKnownFileType = sourcecode.swift; path = AppDelegate.swift; sourceTree = "<group>"; };
		646A2E511C8C39C1001A593B /* ViewController.swift */ = {isa = PBXFileReference; lastKnownFileType = sourcecode.swift; path = ViewController.swift; sourceTree = "<group>"; };
		646A2E541C8C39C1001A593B /* Base */ = {isa = PBXFileReference; lastKnownFileType = file.storyboard; name = Base; path = Base.lproj/Main.storyboard; sourceTree = "<group>"; };
		646A2E561C8C39C1001A593B /* Assets.xcassets */ = {isa = PBXFileReference; lastKnownFileType = folder.assetcatalog; path = Assets.xcassets; sourceTree = "<group>"; };
		646A2E591C8C39C1001A593B /* Base */ = {isa = PBXFileReference; lastKnownFileType = file.storyboard; name = Base; path = Base.lproj/LaunchScreen.storyboard; sourceTree = "<group>"; };
		646A2E5B1C8C39C1001A593B /* Info.plist */ = {isa = PBXFileReference; lastKnownFileType = text.plist.xml; path = Info.plist; sourceTree = "<group>"; };
/* End PBXFileReference section */

/* Begin PBXFrameworksBuildPhase section */
		646A2E491C8C39C1001A593B /* Frameworks */ = {
			isa = PBXFrameworksBuildPhase;
			buildActionMask = 2147483647;
			files = (
			);
			runOnlyForDeploymentPostprocessing = 0;
		};
/* End PBXFrameworksBuildPhase section */

/* Begin PBXGroup section */
		646A2E431C8C39C1001A593B = {
			isa = PBXGroup;
			children = (
				646A2E4E1C8C39C1001A593B /* Pizza */,
				646A2E4D1C8C39C1001A593B /* Products */,
			);
			sourceTree = "<group>";
		};
		646A2E4D1C8C39C1001A593B /* Products */ = {
			isa = PBXGroup;
			children = (
				646A2E4C1C8C39C1001A593B /* Pizza.app */,
			);
			name = Products;
			sourceTree = "<group>";
		};
		646A2E4E1C8C39C1001A593B /* Pizza */ = {
			isa = PBXGroup;
			children = (
				646A2E4F1C8C39C1001A593B /* AppDelegate.swift */,
				646A2E511C8C39C1001A593B /* ViewController.swift */,
				646A2E531C8C39C1001A593B /* Main.storyboard */,
				646A2E561C8C39C1001A593B /* Assets.xcassets */,
				646A2E581C8C39C1001A593B /* LaunchScreen.storyboard */,
				646A2E5B1C8C39C1001A593B /* Info.plist */,
			);
			path = Pizza;
			sourceTree = "<group>";
		};
/* End PBXGroup section */

/* Begin PBXNativeTarget section */
		646A2E4B1C8C39C1001A593B /* Pizza */ = {
			isa = PBXNativeTarget;
			buildConfigurationList = 646A2E5E1C8C39C1001A593B /* Build configuration list for PBXNativeTarget "Pizza" */;
			buildPhases = (
				646A2E481C8C39C1001A593B /* Sources */,
				646A2E491C8C39C1001A593B /* Frameworks */,
				646A2E4A1C8C39C1001A593B /* Resources */,
			);
			buildRules = (
			);
			dependencies = (
			);
			name = Pizza;
			productName = Pizza;
			productReference = 646A2E4C1C8C39C1001A593B /* Pizza.app */;
			productType = "com.apple.product-type.application";
		};
/* End PBXNativeTarget section */

/* Begin PBXProject section */
		646A2E441C8C39C1001A593B /* Project object */ = {
			isa = PBXProject;
			attributes = {
				LastSwiftUpdateCheck = 0720;
				LastUpgradeCheck = 0720;
				ORGANIZATIONNAME = "Manuel Reyes";
				TargetAttributes = {
					646A2E4B1C8C39C1001A593B = {
						CreatedOnToolsVersion = 7.2;
					};
				};
			};
			buildConfigurationList = 646A2E471C8C39C1001A593B /* Build configuration list for PBXProject "Pizza" */;
			compatibilityVersion = "Xcode 3.2";
			developmentRegion = English;
			hasScannedForEncodings = 0;
			knownRegions = (
				en,
				Base,
			);
			mainGroup = 646A2E431C8C39C1001A593B;
			productRefGroup = 646A2E4D1C8C39C1001A593B /* Products */;
			projectDirPath = "";
			projectRoot = "";
			targets = (
				646A2E4B1C8C39C1001A593B /* Pizza */,
			);
		};
/* End PBXProject section */

/* Begin PBXResourcesBuildPhase section */
		646A2E4A1C8C39C1001A593B /* Resources */ = {
			isa = PBXResourcesBuildPhase;
			buildActionMask = 2147483647;
			files = (
				646A2E5A1C8C39C1001A593B /* LaunchScreen.storyboard in Resources */,
				646A2E571C8C39C1001A593B /* Assets.xcassets in Resources */,
				646A2E551C8C39C1001A593B /* Main.storyboard in Resources */,
			);
			runOnlyForDeploymentPostprocessing = 0;
		};
/* End PBXResourcesBuildPhase section */

/* Begin PBXSourcesBuildPhase section */
		646A2E481C8C39C1001A593B /* Sources */ = {
			isa = PBXSourcesBuildPhase;
			buildActionMask = 2147483647;
			files = (
				646A2E521C8C39C1001A593B /* ViewController.swift in Sources */,
				646A2E501C8C39C1001A593B /* AppDelegate.swift in Sources */,
			);
			runOnlyForDeploymentPostprocessing = 0;
		};
/* End PBXSourcesBuildPhase section */

/* Begin PBXVariantGroup section */
		646A2E531C8C39C1001A593B /* Main.storyboard */ = {
			isa = PBXVariantGroup;
			children = (
				646A2E541C8C39C1001A593B /* Base */,
			);
			name = Main.storyboard;
			sourceTree = "<group>";
		};
		646A2E581C8C39C1001A593B /* LaunchScreen.storyboard */ = {
			isa = PBXVariantGroup;
			children = (
				646A2E591C8C39C1001A593B /* Base */,
			);
			name = LaunchScreen.storyboard;
			sourceTree = "<group>";
		};
/* End PBXVariantGroup section */

/* Begin XCBuildConfiguration section */
		646A2E5C1C8C39C1001A593B /* Debug */ = {
			isa = XCBuildConfiguration;
			buildSettings = {
				ALWAYS_SEARCH_USER_PATHS = NO;
				CLANG_CXX_LANGUAGE_STANDARD = "gnu++0x";
				CLANG_CXX_LIBRARY = "libc++";
				CLANG_ENABLE_MODULES = YES;
				CLANG_ENABLE_OBJC_ARC = YES;
				CLANG_WARN_BOOL_CONVERSION = YES;
				CLANG_WARN_CONSTANT_CONVERSION = YES;
				CLANG_WARN_DIRECT_OBJC_ISA_USAGE = YES_ERROR;
				CLANG_WARN_EMPTY_BODY = YES;
				CLANG_WARN_ENUM_CONVERSION = YES;
				CLANG_WARN_INT_CONVERSION = YES;
				CLANG_WARN_OBJC_ROOT_CLASS = YES_ERROR;
				CLANG_WARN_UNREACHABLE_CODE = YES;
				CLANG_WARN__DUPLICATE_METHOD_MATCH = YES;
				"CODE_SIGN_IDENTITY[sdk=iphoneos*]" = "iPhone Developer";
				COPY_PHASE_STRIP = NO;
				DEBUG_INFORMATION_FORMAT = dwarf;
				ENABLE_STRICT_OBJC_MSGSEND = YES;
				ENABLE_TESTABILITY = YES;
				GCC_C_LANGUAGE_STANDARD = gnu99;
				GCC_DYNAMIC_NO_PIC = NO;
				GCC_NO_COMMON_BLOCKS = YES;
				GCC_OPTIMIZATION_LEVEL = 0;
				GCC_PREPROCESSOR_DEFINITIONS = (
					"DEBUG=1",
					"$(inherited)",
				);
				GCC_WARN_64_TO_32_BIT_CONVERSION = YES;
				GCC_WARN_ABOUT_RETURN_TYPE = YES_ERROR;
				GCC_WARN_UNDECLARED_SELECTOR = YES;
				GCC_WARN_UNINITIALIZED_AUTOS = YES_AGGRESSIVE;
				GCC_WARN_UNUSED_FUNCTION = YES;
				GCC_WARN_UNUSED_VARIABLE = YES;
				IPHONEOS_DEPLOYMENT_TARGET = 9.2;
				MTL_ENABLE_DEBUG_INFO = YES;
				ONLY_ACTIVE_ARCH = YES;
				SDKROOT = iphoneos;
				SWIFT_OPTIMIZATION_LEVEL = "-Onone";
				TARGETED_DEVICE_FAMILY = "1,2";
			};
			name = Debug;
		};
		646A2E5D1C8C39C1001A593B /* Release */ = {
			isa = XCBuildConfiguration;
			buildSettings = {
				ALWAYS_SEARCH_USER_PATHS = NO;
				CLANG_CXX_LANGUAGE_STANDARD = "gnu++0x";
				CLANG_CXX_LIBRARY = "libc++";
				CLANG_ENABLE_MODULES = YES;
				CLANG_ENABLE_OBJC_ARC = YES;
				CLANG_WARN_BOOL_CONVERSION = YES;
				CLANG_WARN_CONSTANT_CONVERSION = YES;
				CLANG_WARN_DIRECT_OBJC_ISA_USAGE = YES_ERROR;
				CLANG_WARN_EMPTY_BODY = YES;
				CLANG_WARN_ENUM_CONVERSION = YES;
				CLANG_WARN_INT_CONVERSION = YES;
				CLANG_WARN_OBJC_ROOT_CLASS = YES_ERROR;
				CLANG_WARN_UNREACHABLE_CODE = YES;
				CLANG_WARN__DUPLICATE_METHOD_MATCH = YES;
				"CODE_SIGN_IDENTITY[sdk=iphoneos*]" = "iPhone Developer";
				COPY_PHASE_STRIP = NO;
				DEBUG_INFORMATION_FORMAT = "dwarf-with-dsym";
				ENABLE_NS_ASSERTIONS = NO;
				ENABLE_STRICT_OBJC_MSGSEND = YES;
				GCC_C_LANGUAGE_STANDARD = gnu99;
				GCC_NO_COMMON_BLOCKS = YES;
				GCC_WARN_64_TO_32_BIT_CONVERSION = YES;
				GCC_WARN_ABOUT_RETURN_TYPE = YES_ERROR;
				GCC_WARN_UNDECLARED_SELECTOR = YES;
				GCC_WARN_UNINITIALIZED_AUTOS = YES_AGGRESSIVE;
				GCC_WARN_UNUSED_FUNCTION = YES;
				GCC_WARN_UNUSED_VARIABLE = YES;
				IPHONEOS_DEPLOYMENT_TARGET = 9.2;
				MTL_ENABLE_DEBUG_INFO = NO;
				SDKROOT = iphoneos;
				TARGETED_DEVICE_FAMILY = "1,2";
				VALIDATE_PRODUCT = YES;
			};
			name = Release;
		};
		646A2E5F1C8C39C1001A593B /* Debug */ = {
			isa = XCBuildConfiguration;
			buildSettings = {
				ASSETCATALOG_COMPILER_APPICON_NAME = AppIcon;
				INFOPLIST_FILE = Pizza/Info.plist;
				LD_RUNPATH_SEARCH_PATHS = "$(inherited) @executable_path/Frameworks";
				PRODUCT_BUNDLE_IDENTIFIER = carbonbyte.Pizza;
				PRODUCT_NAME = "$(TARGET_NAME)";
			};
			name = Debug;
		};
		646A2E601C8C39C1001A593B /* Release */ = {
			isa = XCBuildConfiguration;
			buildSettings = {
				ASSETCATALOG_COMPILER_APPICON_NAME = AppIcon;
				INFOPLIST_FILE = Pizza/Info.plist;
				LD_RUNPATH_SEARCH_PATHS = "$(inherited) @executable_path/Frameworks";
				PRODUCT_BUNDLE_IDENTIFIER = carbonbyte.Pizza;
				PRODUCT_NAME = "$(TARGET_NAME)";
			};
			name = Release;
		};
/* End XCBuildConfiguration section */

/* Begin XCConfigurationList section */
		646A2E471C8C39C1001A593B /* Build configuration list for PBXProject "Pizza" */ = {
			isa = XCConfigurationList;
			buildConfigurations = (
				646A2E5C1C8C39C1001A593B /* Debug */,
				646A2E5D1C8C39C1001A593B /* Release */,
			);
			defaultConfigurationIsVisible = 0;
			defaultConfigurationName = Release;
		};
		646A2E5E1C8C39C1001A593B /* Build configuration list for PBXNativeTarget "Pizza" */ = {
			isa = XCConfigurationList;
			buildConfigurations = (
				646A2E5F1C8C39C1001A593B /* Debug */,
				646A2E601C8C39C1001A593B /* Release */,
			);
			defaultConfigurationIsVisible = 0;
		};
/* End XCConfigurationList section */
	};
	rootObject = 646A2E441C8C39C1001A593B /* Project object */;
}
